github.com/aymerick/raymond v2.0.2+incompatible/go.mod h1:osfaiScAUVup+UC9Nfq76eWqDhXlp+4UYaA8uhTBO6g=
github.com/davecgh/go-spew v1.1.0 h1:ZDRjVQ15GmhC3fiQ8ni8+OwkZQO4DARzQgrnXU1Liz8=
github.com/davecgh/go-spew v1.1.0/go.mod h1:J7Y8YcW2NihsgmVo/mv3lAwl/skON4iLHjSsI+c5H38=
github.com/jinzhu/copier v0.0.0-20190924061706-b57f9002281a h1:zPPuIq2jAWWPTrGt70eK/BSch+gFAGrNzecsoENgu2o=
github.com/jinzhu/copier v0.0.0-20190924061706-b57f9002281a/go.mod h1:yL958EeXv8Ylng6IfnvG4oflryUi3vgA3xPs9hmII1s=
github.com/kr/pretty v0.1.0 h1:L/CwN0zerZDmRFUapSPitk6f+Q3+0za1rQkzVuMiMFI=
github.com/kr/pretty v0.1.0/go.mod h1:dAy3ld7l9f0ibDNOQOHHMYYIIbhfbHSm3C4ZsoJORNo=
github.com/kr/pty v1.1.1/go.mod h1:pFQYn66WHrOpPYNljwOMqo10TkYh1fy3cYio2l3bCsQ=
github.com/kr/text v0.1.0 h1:45sCR5RtlFHMR4UwH9sdQ5TC8v0qDQCHnXt+kaKSTVE=
github.com/kr/text v0.1.0/go.mod h1:4Jbv+DJW3UT/LiOwJeYQe1efqtUx/iVham/4vfdArNI=
github.com/pip-services3-go/pip-services3-commons-go v0.0.0-20190804203000-6456cc90b324/go.mod h1:bcPnEp+IIvYa4zP4Qb6E6VYM9ByV7qcSSrq6yL2GQlo=
github.com/pip-services3-go/pip-services3-commons-go v0.0.0-20191120184752-e90ca65ad1c9 h1:cXsSF2JEivf5eyV2w3WSvRR9+yuOnQNOXjYnqV/C6ew=
github.com/pip-services3-go/pip-services3-commons-go v0.0.0-20191120184752-e90ca65ad1c9/go.mod h1:zuPMQBL05n7s1oEaEdMvJZy6bWnUhbV6LH9wq60+0VE=
github.com/pip-services3-go/pip-services3-commons-go v0.0.0-20191204090830-11e4cec9d2ce h1:NKnAcbaWg757cc8yRm3FsVgoTNncG19uzFq4os0D+Cc=
github.com/pip-services3-go/pip-services3-commons-go v0.0.0-20191204090830-11e4cec9d2ce/go.mod h1:zuPMQBL05n7s1oEaEdMvJZy6bWnUhbV6LH9wq60+0VE=
github.com/pip-services3-go/pip-services3-commons-go/v3 v3.0.0 h1:HNKmnxiTGlSVe4F3Ln2D9wS4+s2c0okzRzeFg4XEhNQ=
github.com/pip-services3-go/pip-services3-commons-go/v3 v3.0.0/go.mod h1:pmSo3TFpcIw1PmXFuSaZLx90ivv/MyKkONJn+7mDV8M=
github.com/pip-services3-go/pip-services3-components-go v0.0.0-20191121193353-fd649422216e h1:j/rWy+ZKGMi+kWKWv0uAgWMAPku7fw3Nu4LaElljvwA=
github.com/pip-services3-go/pip-services3-components-go v0.0.0-20191121193353-fd649422216e/go.mod h1:HXw/ZY1ptv0WEICtazRu6ZeWjtmn90maApMBGfzRj8I=
github.com/pip-services3-go/pip-services3-components-go v0.0.0-20191204090800-28c8ea17a4b7 h1:XHgCO4KtrEN5OcahZOVw0RAmj3SbnEMZLqBxFdeuKek=
github.com/pip-services3-go/pip-services3-components-go v0.0.0-20191204090800-28c8ea17a4b7/go.mod h1:HXw/ZY1ptv0WEICtazRu6ZeWjtmn90maApMBGfzRj8I=
github.com/pip-services3-go/pip-services3-components-go/v3 v3.0.0 h1:6CcNFJoWmQJqwtNPedIa7lbFAZ8hLHEeyuEgaSslhaU=
github.com/pip-services3-go/pip-services3-components-go/v3 v3.0.0/go.mod h1:/6Q6GGcQ4rdJoxDvv5Z6Mytbbs6vRW9J5knu7gmuj9M=
github.com/pip-services3-go/pip-services3-data-go v1.0.0 h1:hyk/bMtzxVlZuhSUYMIj9kEW+CXJ28gYpsq9Q+rK6lk=
github.com/pip-services3-go/pip-services3-data-go v1.0.0/go.mod h1:DExl49aIGpYj7P78WAdfL6PuKZ3GbQ5OTeVwD19n2lY=
github.com/pip-services3-go/pip-services3-data-go/v3 v3.0.0/go.mod h1:4Zyz5f50eoygn+98wkN1RXrWtGy9vH93HFAwHbJWFGs=
github.com/pmezard/go-difflib v1.0.0 h1:4DBwDE0NGyQoBHbLQYPwSUPoCMWR5BEzIk/f1lZbAQM=
github.com/pmezard/go-difflib v1.0.0/go.mod h1:iKH77koFhYxTK1pcRnkKkqfTogsbg7gZNVY4sRDYZ/4=
github.com/satori/go.uuid v1.2.0 h1:0uYX9dsZ2yD7q2RtLRtPSdGDWzjeM3TbMJP9utgA0ww=
github.com/satori/go.uuid v1.2.0/go.mod h1:dA0hQrYB0VpLJoorglMZABFdXlWrHn1NEOzdhQKdks0=
github.com/stretchr/objx v0.1.0/go.mod h1:HFkY916IF+rwdDfMAkV7OtwuqBVzrE8GR6GFx+wExME=
github.com/stretchr/testify v1.3.0/go.mod h1:M5WIy9Dh21IEIfnGCwXGc5bZfKNJtfHm1UVUgZn+9EI=
github.com/stretchr/testify v1.4.0 h1:2E4SXV/wtOkTonXsotYi4li6zVWxYlZuYNCXe9XRJyk=
github.com/stretchr/testify v1.4.0/go.mod h1:j7eGeouHqKxXV5pUuKE4zz7dFj8WfuZ+81PSLYec5m4=
gopkg.in/check.v1 v0.0.0-20161208181325-20d25e280405/go.mod h1:Co6ibVJAznAaIkqp8huTwlJQCZ016jof/cbN4VW5Yz0=
gopkg.in/check.v1 v1.0.0-20180628173108-788fd7840127 h1:qIbj1fsPNlZgppZ+VLlY7N33q108Sa+fhmuc+sWQYwY=
gopkg.in/check.v1 v1.0.0-20180628173108-788fd7840127/go.mod h1:Co6ibVJAznAaIkqp8huTwlJQCZ016jof/cbN4VW5Yz0=
gopkg.in/yaml.v2 v2.2.2 h1:ZCJp+EgiOT7lHqUV2J862kp8Qj64Jo6az82+3Td9dZw=
gopkg.in/yaml.v2 v2.2.2/go.mod h1:hI93XBmqTisBFMUTm0b8Fm+jr3Dg1NNxqwp+5A1VGuI=
